
Microsoft Visual Studio Solution File, Format Version 12.00
# Visual Studio Version 17
VisualStudioVersion = 17.7.34221.43
MinimumVisualStudioVersion = 10.0.40219.1
Project("{FAE04EC0-301F-11D3-BF4B-00C04F79EFBC}") = "SdLibrary", "SdLibrary\SdLibrary.csproj", "{91DF5EF0-B235-4799-9DDF-07A8232EDFE0}"
EndProject
Global
	GlobalSection(SolutionConfigurationPlatforms) = preSolution
		Debug|Any CPU = Debug|Any CPU
		Release|Any CPU = Release|Any CPU
	EndGlobalSection
	GlobalSection(ProjectConfigurationPlatforms) = postSolution
		{91DF5EF0-B235-4799-9DDF-07A8232EDFE0}.Debug|Any CPU.ActiveCfg = Debug|Any CPU
		{91DF5EF0-B235-4799-9DDF-07A8232EDFE0}.Debug|Any CPU.Build.0 = Debug|Any CPU
		{91DF5EF0-B235-4799-9DDF-07A8232EDFE0}.Release|Any CPU.ActiveCfg = Release|Any CPU
		{91DF5EF0-B235-4799-9DDF-07A8232EDFE0}.Release|Any CPU.Build.0 = Release|Any CPU
	EndGlobalSection
	GlobalSection(SolutionProperties) = preSolution
		HideSolutionNode = FALSE
	EndGlobalSection
	GlobalSection(ExtensibilityGlobals) = postSolution
		SolutionGuid = {F586C1B5-2E64-4BCF-9D7C-2255B17BE534}
	EndGlobalSection
EndGlobal
